<?xml version="1.0" encoding="utf-8"?>
<Project ToolsVersion="4.0" xmlns="http://schemas.microsoft.com/developer/msbuild/2003">
  <ItemGroup>
    <Filter Include="Main">
      <UniqueIdentifier>{ffb2c494-4901-42bc-a29c-b75db8fda0a8}</UniqueIdentifier>
    </Filter>
    <Filter Include="Game">
      <UniqueIdentifier>{57547fdc-380e-4a52-97d3-de41f27e1d86}</UniqueIdentifier>
    </Filter>
    <Filter Include="Objects">
      <UniqueIdentifier>{85257687-a96f-4d74-bc92-dfe174b4cff8}</UniqueIdentifier>
    </Filter>
    <Filter Include="Objects\Player">
      <UniqueIdentifier>{2e9b3b53-19c1-4adf-8378-881dc857591f}</UniqueIdentifier>
    </Filter>
    <Filter Include="Objects\Player3D">
      <UniqueIdentifier>{45a4ac77-f886-48e1-ac13-f24ceb5bd939}</UniqueIdentifier>
    </Filter>
  </ItemGroup>
  <ItemGroup>
    <ClCompile Include="src\Game\Game.cpp">
      <Filter>Game</Filter>
    </ClCompile>
    <ClCompile Include="src\Main\Main.cpp">
      <Filter>Main</Filter>
    </ClCompile>
    <ClCompile Include="src\Objects\Player.cpp">
      <Filter>Objects\Player</Filter>
    </ClCompile>
    <ClCompile Include="src\Objects\Player3D.cpp">
      <Filter>Objects\Player3D</Filter>
    </ClCompile>
  </ItemGroup>
  <ItemGroup>
    <ClInclude Include="src\Game\Game.h">
      <Filter>Game</Filter>
    </ClInclude>
    <ClInclude Include="src\Objects\Player.h">
      <Filter>Objects\Player</Filter>
    </ClInclude>
    <ClInclude Include="src\Objects\Player3D.h">
      <Filter>Objects\Player3D</Filter>
    </ClInclude>
  </ItemGroup>
</Project>